{
  "name": "add-taxes-frontend",
  "lockfileVersion": 3,
  "requires": true,
  "packages": {
    "": {
      "dependencies": {
        "govuk-frontend": "^6.4.0"
      }
    },
    "node_modules/govuk-frontend": {
      "version": "6.5.1",
      "resolved": "https://registry.npmjs.org/govuk-frontend/-/govuk-frontend-6.5.1.tgz",
      "integrity": "sha512-myC7pDU9d7NqHa/oiDKe7k/ojCPMY4LjHpJkDncgQ3MgWeGUkySpz/gfdjRVvGaER6GNoi0kDGSgSXMa1he0xg==",
      "license": "MIT",
      "engines": {
        "node": ">= 4.2.0"
      }
    }
  }
}
